
Microsoft Visual Studio Solution File, Format Version 12.00
# Visual Studio 2012
Project("{FAE04EC0-301F-11D3-BF4B-00C04F79EFBC}") = "TuuTahYwayPayPah", "TuuTahYwayPayPah\TuuTahYwayPayPah.csproj", "{1567B549-D6B0-4587-8433-0B6E679DBD6C}"
EndProject
Global
	GlobalSection(SolutionConfigurationPlatforms) = preSolution
		Debug|Any CPU = Debug|Any CPU
		Release|Any CPU = Release|Any CPU
	EndGlobalSection
	GlobalSection(ProjectConfigurationPlatforms) = postSolution
		{1567B549-D6B0-4587-8433-0B6E679DBD6C}.Debug|Any CPU.ActiveCfg = Debug|Any CPU
		{1567B549-D6B0-4587-8433-0B6E679DBD6C}.Debug|Any CPU.Build.0 = Debug|Any CPU
		{1567B549-D6B0-4587-8433-0B6E679DBD6C}.Release|Any CPU.ActiveCfg = Release|Any CPU
		{1567B549-D6B0-4587-8433-0B6E679DBD6C}.Release|Any CPU.Build.0 = Release|Any CPU
	EndGlobalSection
	GlobalSection(SolutionProperties) = preSolution
		HideSolutionNode = FALSE
	EndGlobalSection
EndGlobal
